
Microsoft Visual Studio Solution File, Format Version 12.00
# Visual Studio Version 16
VisualStudioVersion = 16.0.28803.202
MinimumVisualStudioVersion = 10.0.40219.1
Project("{FAE04EC0-301F-11D3-BF4B-00C04F79EFBC}") = "efc", "efc\efc.csproj", "{A6C25BC5-78BB-4FF6-B22B-5F28992D7E37}"
EndProject
Project("{FAE04EC0-301F-11D3-BF4B-00C04F79EFBC}") = "WebJob1", "WebJob1\WebJob1.csproj", "{20A22229-D14A-4BE4-A298-F15128A8BC01}"
EndProject
Global
	GlobalSection(SolutionConfigurationPlatforms) = preSolution
		Debug|Any CPU = Debug|Any CPU
		Release|Any CPU = Release|Any CPU
	EndGlobalSection
	GlobalSection(ProjectConfigurationPlatforms) = postSolution
		{A6C25BC5-78BB-4FF6-B22B-5F28992D7E37}.Debug|Any CPU.ActiveCfg = Debug|Any CPU
		{A6C25BC5-78BB-4FF6-B22B-5F28992D7E37}.Debug|Any CPU.Build.0 = Debug|Any CPU
		{A6C25BC5-78BB-4FF6-B22B-5F28992D7E37}.Release|Any CPU.ActiveCfg = Release|Any CPU
		{A6C25BC5-78BB-4FF6-B22B-5F28992D7E37}.Release|Any CPU.Build.0 = Release|Any CPU
		{20A22229-D14A-4BE4-A298-F15128A8BC01}.Debug|Any CPU.ActiveCfg = Debug|Any CPU
		{20A22229-D14A-4BE4-A298-F15128A8BC01}.Debug|Any CPU.Build.0 = Debug|Any CPU
		{20A22229-D14A-4BE4-A298-F15128A8BC01}.Release|Any CPU.ActiveCfg = Release|Any CPU
		{20A22229-D14A-4BE4-A298-F15128A8BC01}.Release|Any CPU.Build.0 = Release|Any CPU
	EndGlobalSection
	GlobalSection(SolutionProperties) = preSolution
		HideSolutionNode = FALSE
	EndGlobalSection
	GlobalSection(ExtensibilityGlobals) = postSolution
		SolutionGuid = {2FF638BB-FA79-4358-9A13-9704EBBEB4D4}
	EndGlobalSection
EndGlobal
